
Microsoft Visual Studio Solution File, Format Version 12.00
# Visual Studio Version 17
VisualStudioVersion = 17.0.31903.59
MinimumVisualStudioVersion = 10.0.40219.1
Project("{FAE04EC0-301F-11D3-BF4B-00C04F79EFBC}") = "PrimjenaWindowsKontrola", "PrimjenaWindowsKontrola.csproj", "{F885982F-3F9E-43E3-B9DE-B5F365F3DB85}"
EndProject
Global
	GlobalSection(SolutionConfigurationPlatforms) = preSolution
		Debug|Any CPU = Debug|Any CPU
		Release|Any CPU = Release|Any CPU
	EndGlobalSection
	GlobalSection(ProjectConfigurationPlatforms) = postSolution
		{F885982F-3F9E-43E3-B9DE-B5F365F3DB85}.Debug|Any CPU.ActiveCfg = Debug|Any CPU
		{F885982F-3F9E-43E3-B9DE-B5F365F3DB85}.Debug|Any CPU.Build.0 = Debug|Any CPU
		{F885982F-3F9E-43E3-B9DE-B5F365F3DB85}.Release|Any CPU.ActiveCfg = Release|Any CPU
		{F885982F-3F9E-43E3-B9DE-B5F365F3DB85}.Release|Any CPU.Build.0 = Release|Any CPU
	EndGlobalSection
	GlobalSection(SolutionProperties) = preSolution
		HideSolutionNode = FALSE
	EndGlobalSection
	GlobalSection(ExtensibilityGlobals) = postSolution
		SolutionGuid = {3B901694-DA5B-41E6-A3DD-2FCF25DD11CE}
	EndGlobalSection
EndGlobal
